github.com/fastrodev/fastrex v0.0.0-20211105041338-1516bd717674 h1:emmUk0iwk/EjGZhNWcQHqeK5pbhRrro8CydRgyCwhwg=
github.com/fastrodev/fastrex v0.0.0-20211105041338-1516bd717674/go.mod h1:ifRnR+fygX9xhD6pBbTl5Yuaeo/oQqF2N3mwmBJPogM=
github.com/gorilla/mux v1.8.0 h1:i40aqfkR1h2SlN9hojwV5ZA91wcXFOvkdNIeFDP5koI=
github.com/gorilla/mux v1.8.0/go.mod h1:DVbg23sWSpFRCP0SfiEN6jmj59UnW/n46BH5rLB71So=
